// !$*UTF8*$!
{
	archiveVersion = 1;
	classes = {
	};
	objectVersion = 55;
	objects = {

/* Begin PBXBuildFile section */
		8CD1849BC625C91E0F039E3D /* Pods_WaffleMarket.framework in Frameworks */ = {isa = PBXBuildFile; fileRef = 9392CA6CEFFDF7DE9FA1D4A1 /* Pods_WaffleMarket.framework */; };
		B744C15F274E8F290083A74C /* HomeRootViewController.swift in Sources */ = {isa = PBXBuildFile; fileRef = B744C15E274E8F290083A74C /* HomeRootViewController.swift */; };
		B744C161274E95360083A74C /* ChatRoomListViewController.swift in Sources */ = {isa = PBXBuildFile; fileRef = B744C160274E95360083A74C /* ChatRoomListViewController.swift */; };
		B74730B2274E8B4800F7EC3B /* AppDelegate.swift in Sources */ = {isa = PBXBuildFile; fileRef = B74730B1274E8B4800F7EC3B /* AppDelegate.swift */; };
		B74730B4274E8B4800F7EC3B /* SceneDelegate.swift in Sources */ = {isa = PBXBuildFile; fileRef = B74730B3274E8B4800F7EC3B /* SceneDelegate.swift */; };
		B74730BC274E8B4800F7EC3B /* WaffleMarket.xcdatamodeld in Sources */ = {isa = PBXBuildFile; fileRef = B74730BA274E8B4800F7EC3B /* WaffleMarket.xcdatamodeld */; };
		B74730BE274E8B4900F7EC3B /* Assets.xcassets in Resources */ = {isa = PBXBuildFile; fileRef = B74730BD274E8B4900F7EC3B /* Assets.xcassets */; };
		B74730C1274E8B4900F7EC3B /* LaunchScreen.storyboard in Resources */ = {isa = PBXBuildFile; fileRef = B74730BF274E8B4900F7EC3B /* LaunchScreen.storyboard */; };
/* End PBXBuildFile section */

/* Begin PBXFileReference section */
		91C77851C5293D0690223C46 /* Pods-WaffleMarket.debug.xcconfig */ = {isa = PBXFileReference; includeInIndex = 1; lastKnownFileType = text.xcconfig; name = "Pods-WaffleMarket.debug.xcconfig"; path = "Target Support Files/Pods-WaffleMarket/Pods-WaffleMarket.debug.xcconfig"; sourceTree = "<group>"; };
		9392CA6CEFFDF7DE9FA1D4A1 /* Pods_WaffleMarket.framework */ = {isa = PBXFileReference; explicitFileType = wrapper.framework; includeInIndex = 0; path = Pods_WaffleMarket.framework; sourceTree = BUILT_PRODUCTS_DIR; };
		96529C4EC7DA091653C7631D /* Pods-WaffleMarket.release.xcconfig */ = {isa = PBXFileReference; includeInIndex = 1; lastKnownFileType = text.xcconfig; name = "Pods-WaffleMarket.release.xcconfig"; path = "Target Support Files/Pods-WaffleMarket/Pods-WaffleMarket.release.xcconfig"; sourceTree = "<group>"; };
		B744C15E274E8F290083A74C /* HomeRootViewController.swift */ = {isa = PBXFileReference; lastKnownFileType = sourcecode.swift; path = HomeRootViewController.swift; sourceTree = "<group>"; };
		B744C160274E95360083A74C /* ChatRoomListViewController.swift */ = {isa = PBXFileReference; lastKnownFileType = sourcecode.swift; path = ChatRoomListViewController.swift; sourceTree = "<group>"; };
		B74730AE274E8B4800F7EC3B /* WaffleMarket.app */ = {isa = PBXFileReference; explicitFileType = wrapper.application; includeInIndex = 0; path = WaffleMarket.app; sourceTree = BUILT_PRODUCTS_DIR; };
		B74730B1274E8B4800F7EC3B /* AppDelegate.swift */ = {isa = PBXFileReference; lastKnownFileType = sourcecode.swift; path = AppDelegate.swift; sourceTree = "<group>"; };
		B74730B3274E8B4800F7EC3B /* SceneDelegate.swift */ = {isa = PBXFileReference; lastKnownFileType = sourcecode.swift; path = SceneDelegate.swift; sourceTree = "<group>"; };
		B74730BB274E8B4800F7EC3B /* WaffleMarket.xcdatamodel */ = {isa = PBXFileReference; lastKnownFileType = wrapper.xcdatamodel; path = WaffleMarket.xcdatamodel; sourceTree = "<group>"; };
		B74730BD274E8B4900F7EC3B /* Assets.xcassets */ = {isa = PBXFileReference; lastKnownFileType = folder.assetcatalog; path = Assets.xcassets; sourceTree = "<group>"; };
		B74730C0274E8B4900F7EC3B /* Base */ = {isa = PBXFileReference; lastKnownFileType = file.storyboard; name = Base; path = Base.lproj/LaunchScreen.storyboard; sourceTree = "<group>"; };
		B74730C2274E8B4900F7EC3B /* Info.plist */ = {isa = PBXFileReference; lastKnownFileType = text.plist.xml; path = Info.plist; sourceTree = "<group>"; };
/* End PBXFileReference section */

/* Begin PBXFrameworksBuildPhase section */
		B74730AB274E8B4800F7EC3B /* Frameworks */ = {
			isa = PBXFrameworksBuildPhase;
			buildActionMask = 2147483647;
			files = (
				8CD1849BC625C91E0F039E3D /* Pods_WaffleMarket.framework in Frameworks */,
			);
			runOnlyForDeploymentPostprocessing = 0;
		};
/* End PBXFrameworksBuildPhase section */

/* Begin PBXGroup section */
		0ED1D476F798A864C1C35BB6 /* Frameworks */ = {
			isa = PBXGroup;
			children = (
				9392CA6CEFFDF7DE9FA1D4A1 /* Pods_WaffleMarket.framework */,
			);
			name = Frameworks;
			sourceTree = "<group>";
		};
		B744C15D274E8EE90083A74C /* Controller */ = {
			isa = PBXGroup;
			children = (
				B744C15E274E8F290083A74C /* HomeRootViewController.swift */,
				B744C160274E95360083A74C /* ChatRoomListViewController.swift */,
			);
			path = Controller;
			sourceTree = "<group>";
		};
		B74730A5274E8B4800F7EC3B = {
			isa = PBXGroup;
			children = (
				B74730B0274E8B4800F7EC3B /* WaffleMarket */,
				B74730AF274E8B4800F7EC3B /* Products */,
				D73766856443BC908E499503 /* Pods */,
				0ED1D476F798A864C1C35BB6 /* Frameworks */,
			);
			sourceTree = "<group>";
		};
		B74730AF274E8B4800F7EC3B /* Products */ = {
			isa = PBXGroup;
			children = (
				B74730AE274E8B4800F7EC3B /* WaffleMarket.app */,
			);
			name = Products;
			sourceTree = "<group>";
		};
		B74730B0274E8B4800F7EC3B /* WaffleMarket */ = {
			isa = PBXGroup;
			children = (
				B744C15D274E8EE90083A74C /* Controller */,
				B74730B1274E8B4800F7EC3B /* AppDelegate.swift */,
				B74730B3274E8B4800F7EC3B /* SceneDelegate.swift */,
				B74730BD274E8B4900F7EC3B /* Assets.xcassets */,
				B74730BF274E8B4900F7EC3B /* LaunchScreen.storyboard */,
				B74730C2274E8B4900F7EC3B /* Info.plist */,
				B74730BA274E8B4800F7EC3B /* WaffleMarket.xcdatamodeld */,
			);
			path = WaffleMarket;
			sourceTree = "<group>";
		};
		D73766856443BC908E499503 /* Pods */ = {
			isa = PBXGroup;
			children = (
				91C77851C5293D0690223C46 /* Pods-WaffleMarket.debug.xcconfig */,
				96529C4EC7DA091653C7631D /* Pods-WaffleMarket.release.xcconfig */,
			);
			path = Pods;
			sourceTree = "<group>";
		};
/* End PBXGroup section */

/* Begin PBXNativeTarget section */
		B74730AD274E8B4800F7EC3B /* WaffleMarket */ = {
			isa = PBXNativeTarget;
			buildConfigurationList = B74730C5274E8B4900F7EC3B /* Build configuration list for PBXNativeTarget "WaffleMarket" */;
			buildPhases = (
				F3657AC4AB9D503848525233 /* [CP] Check Pods Manifest.lock */,
				B74730AA274E8B4800F7EC3B /* Sources */,
				B74730AB274E8B4800F7EC3B /* Frameworks */,
				B74730AC274E8B4800F7EC3B /* Resources */,
				B542D9EC49A9942571176685 /* [CP] Embed Pods Frameworks */,
			);
			buildRules = (
			);
			dependencies = (
			);
			name = WaffleMarket;
			productName = WaffleMarket;
			productReference = B74730AE274E8B4800F7EC3B /* WaffleMarket.app */;
			productType = "com.apple.product-type.application";
		};
/* End PBXNativeTarget section */

/* Begin PBXProject section */
		B74730A6274E8B4800F7EC3B /* Project object */ = {
			isa = PBXProject;
			attributes = {
				BuildIndependentTargetsInParallel = 1;
				LastSwiftUpdateCheck = 1310;
				LastUpgradeCheck = 1310;
				TargetAttributes = {
					B74730AD274E8B4800F7EC3B = {
						CreatedOnToolsVersion = 13.1;
					};
				};
			};
			buildConfigurationList = B74730A9274E8B4800F7EC3B /* Build configuration list for PBXProject "WaffleMarket" */;
			compatibilityVersion = "Xcode 13.0";
			developmentRegion = en;
			hasScannedForEncodings = 0;
			knownRegions = (
				en,
				Base,
			);
			mainGroup = B74730A5274E8B4800F7EC3B;
			productRefGroup = B74730AF274E8B4800F7EC3B /* Products */;
			projectDirPath = "";
			projectRoot = "";
			targets = (
				B74730AD274E8B4800F7EC3B /* WaffleMarket */,
			);
		};
/* End PBXProject section */

/* Begin PBXResourcesBuildPhase section */
		B74730AC274E8B4800F7EC3B /* Resources */ = {
			isa = PBXResourcesBuildPhase;
			buildActionMask = 2147483647;
			files = (
				B74730C1274E8B4900F7EC3B /* LaunchScreen.storyboard in Resources */,
				B74730BE274E8B4900F7EC3B /* Assets.xcassets in Resources */,
			);
			runOnlyForDeploymentPostprocessing = 0;
		};
/* End PBXResourcesBuildPhase section */

/* Begin PBXShellScriptBuildPhase section */
		B542D9EC49A9942571176685 /* [CP] Embed Pods Frameworks */ = {
			isa = PBXShellScriptBuildPhase;
			buildActionMask = 2147483647;
			files = (
			);
			inputFileListPaths = (
				"${PODS_ROOT}/Target Support Files/Pods-WaffleMarket/Pods-WaffleMarket-frameworks-${CONFIGURATION}-input-files.xcfilelist",
			);
			name = "[CP] Embed Pods Frameworks";
			outputFileListPaths = (
				"${PODS_ROOT}/Target Support Files/Pods-WaffleMarket/Pods-WaffleMarket-frameworks-${CONFIGURATION}-output-files.xcfilelist",
			);
			runOnlyForDeploymentPostprocessing = 0;
			shellPath = /bin/sh;
			shellScript = "\"${PODS_ROOT}/Target Support Files/Pods-WaffleMarket/Pods-WaffleMarket-frameworks.sh\"\n";
			showEnvVarsInLog = 0;
		};
		F3657AC4AB9D503848525233 /* [CP] Check Pods Manifest.lock */ = {
			isa = PBXShellScriptBuildPhase;
			buildActionMask = 2147483647;
			files = (
			);
			inputFileListPaths = (
			);
			inputPaths = (
				"${PODS_PODFILE_DIR_PATH}/Podfile.lock",
				"${PODS_ROOT}/Manifest.lock",
			);
			name = "[CP] Check Pods Manifest.lock";
			outputFileListPaths = (
			);
			outputPaths = (
				"$(DERIVED_FILE_DIR)/Pods-WaffleMarket-checkManifestLockResult.txt",
			);
			runOnlyForDeploymentPostprocessing = 0;
			shellPath = /bin/sh;
			shellScript = "diff \"${PODS_PODFILE_DIR_PATH}/Podfile.lock\" \"${PODS_ROOT}/Manifest.lock\" > /dev/null\nif [ $? != 0 ] ; then\n    # print error to STDERR\n    echo \"error: The sandbox is not in sync with the Podfile.lock. Run 'pod install' or update your CocoaPods installation.\" >&2\n    exit 1\nfi\n# This output is used by Xcode 'outputs' to avoid re-running this script phase.\necho \"SUCCESS\" > \"${SCRIPT_OUTPUT_FILE_0}\"\n";
			showEnvVarsInLog = 0;
		};
/* End PBXShellScriptBuildPhase section */

/* Begin PBXSourcesBuildPhase section */
		B74730AA274E8B4800F7EC3B /* Sources */ = {
			isa = PBXSourcesBuildPhase;
			buildActionMask = 2147483647;
			files = (
				B744C15F274E8F290083A74C /* HomeRootViewController.swift in Sources */,
				B74730B2274E8B4800F7EC3B /* AppDelegate.swift in Sources */,
				B74730BC274E8B4800F7EC3B /* WaffleMarket.xcdatamodeld in Sources */,
				B744C161274E95360083A74C /* ChatRoomListViewController.swift in Sources */,
				B74730B4274E8B4800F7EC3B /* SceneDelegate.swift in Sources */,
			);
			runOnlyForDeploymentPostprocessing = 0;
		};
/* End PBXSourcesBuildPhase section */

/* Begin PBXVariantGroup section */
		B74730BF274E8B4900F7EC3B /* LaunchScreen.storyboard */ = {
			isa = PBXVariantGroup;
			children = (
				B74730C0274E8B4900F7EC3B /* Base */,
			);
			name = LaunchScreen.storyboard;
			sourceTree = "<group>";
		};
/* End PBXVariantGroup section */

/* Begin XCBuildConfiguration section */
		B74730C3274E8B4900F7EC3B /* Debug */ = {
			isa = XCBuildConfiguration;
			buildSettings = {
				ALWAYS_SEARCH_USER_PATHS = NO;
				CLANG_ANALYZER_NONNULL = YES;
				CLANG_ANALYZER_NUMBER_OBJECT_CONVERSION = YES_AGGRESSIVE;
				CLANG_CXX_LANGUAGE_STANDARD = "gnu++17";
				CLANG_CXX_LIBRARY = "libc++";
				CLANG_ENABLE_MODULES = YES;
				CLANG_ENABLE_OBJC_ARC = YES;
				CLANG_ENABLE_OBJC_WEAK = YES;
				CLANG_WARN_BLOCK_CAPTURE_AUTORELEASING = YES;
				CLANG_WARN_BOOL_CONVERSION = YES;
				CLANG_WARN_COMMA = YES;
				CLANG_WARN_CONSTANT_CONVERSION = YES;
				CLANG_WARN_DEPRECATED_OBJC_IMPLEMENTATIONS = YES;
				CLANG_WARN_DIRECT_OBJC_ISA_USAGE = YES_ERROR;
				CLANG_WARN_DOCUMENTATION_COMMENTS = YES;
				CLANG_WARN_EMPTY_BODY = YES;
				CLANG_WARN_ENUM_CONVERSION = YES;
				CLANG_WARN_INFINITE_RECURSION = YES;
				CLANG_WARN_INT_CONVERSION = YES;
				CLANG_WARN_NON_LITERAL_NULL_CONVERSION = YES;
				CLANG_WARN_OBJC_IMPLICIT_RETAIN_SELF = YES;
				CLANG_WARN_OBJC_LITERAL_CONVERSION = YES;
				CLANG_WARN_OBJC_ROOT_CLASS = YES_ERROR;
				CLANG_WARN_QUOTED_INCLUDE_IN_FRAMEWORK_HEADER = YES;
				CLANG_WARN_RANGE_LOOP_ANALYSIS = YES;
				CLANG_WARN_STRICT_PROTOTYPES = YES;
				CLANG_WARN_SUSPICIOUS_MOVE = YES;
				CLANG_WARN_UNGUARDED_AVAILABILITY = YES_AGGRESSIVE;
				CLANG_WARN_UNREACHABLE_CODE = YES;
				CLANG_WARN__DUPLICATE_METHOD_MATCH = YES;
				COPY_PHASE_STRIP = NO;
				DEBUG_INFORMATION_FORMAT = dwarf;
				ENABLE_STRICT_OBJC_MSGSEND = YES;
				ENABLE_TESTABILITY = YES;
				GCC_C_LANGUAGE_STANDARD = gnu11;
				GCC_DYNAMIC_NO_PIC = NO;
				GCC_NO_COMMON_BLOCKS = YES;
				GCC_OPTIMIZATION_LEVEL = 0;
				GCC_PREPROCESSOR_DEFINITIONS = (
					"DEBUG=1",
					"$(inherited)",
				);
				GCC_WARN_64_TO_32_BIT_CONVERSION = YES;
				GCC_WARN_ABOUT_RETURN_TYPE = YES_ERROR;
				GCC_WARN_UNDECLARED_SELECTOR = YES;
				GCC_WARN_UNINITIALIZED_AUTOS = YES_AGGRESSIVE;
				GCC_WARN_UNUSED_FUNCTION = YES;
				GCC_WARN_UNUSED_VARIABLE = YES;
				IPHONEOS_DEPLOYMENT_TARGET = 15.0;
				MTL_ENABLE_DEBUG_INFO = INCLUDE_SOURCE;
				MTL_FAST_MATH = YES;
				ONLY_ACTIVE_ARCH = YES;
				SDKROOT = iphoneos;
				SWIFT_ACTIVE_COMPILATION_CONDITIONS = DEBUG;
				SWIFT_OPTIMIZATION_LEVEL = "-Onone";
			};
			name = Debug;
		};
		B74730C4274E8B4900F7EC3B /* Release */ = {
			isa = XCBuildConfiguration;
			buildSettings = {
				ALWAYS_SEARCH_USER_PATHS = NO;
				CLANG_ANALYZER_NONNULL = YES;
				CLANG_ANALYZER_NUMBER_OBJECT_CONVERSION = YES_AGGRESSIVE;
				CLANG_CXX_LANGUAGE_STANDARD = "gnu++17";
				CLANG_CXX_LIBRARY = "libc++";
				CLANG_ENABLE_MODULES = YES;
				CLANG_ENABLE_OBJC_ARC = YES;
				CLANG_ENABLE_OBJC_WEAK = YES;
				CLANG_WARN_BLOCK_CAPTURE_AUTORELEASING = YES;
				CLANG_WARN_BOOL_CONVERSION = YES;
				CLANG_WARN_COMMA = YES;
				CLANG_WARN_CONSTANT_CONVERSION = YES;
				CLANG_WARN_DEPRECATED_OBJC_IMPLEMENTATIONS = YES;
				CLANG_WARN_DIRECT_OBJC_ISA_USAGE = YES_ERROR;
				CLANG_WARN_DOCUMENTATION_COMMENTS = YES;
				CLANG_WARN_EMPTY_BODY = YES;
				CLANG_WARN_ENUM_CONVERSION = YES;
				CLANG_WARN_INFINITE_RECURSION = YES;
				CLANG_WARN_INT_CONVERSION = YES;
				CLANG_WARN_NON_LITERAL_NULL_CONVERSION = YES;
				CLANG_WARN_OBJC_IMPLICIT_RETAIN_SELF = YES;
				CLANG_WARN_OBJC_LITERAL_CONVERSION = YES;
				CLANG_WARN_OBJC_ROOT_CLASS = YES_ERROR;
				CLANG_WARN_QUOTED_INCLUDE_IN_FRAMEWORK_HEADER = YES;
				CLANG_WARN_RANGE_LOOP_ANALYSIS = YES;
				CLANG_WARN_STRICT_PROTOTYPES = YES;
				CLANG_WARN_SUSPICIOUS_MOVE = YES;
				CLANG_WARN_UNGUARDED_AVAILABILITY = YES_AGGRESSIVE;
				CLANG_WARN_UNREACHABLE_CODE = YES;
				CLANG_WARN__DUPLICATE_METHOD_MATCH = YES;
				COPY_PHASE_STRIP = NO;
				DEBUG_INFORMATION_FORMAT = "dwarf-with-dsym";
				ENABLE_NS_ASSERTIONS = NO;
				ENABLE_STRICT_OBJC_MSGSEND = YES;
				GCC_C_LANGUAGE_STANDARD = gnu11;
				GCC_NO_COMMON_BLOCKS = YES;
				GCC_WARN_64_TO_32_BIT_CONVERSION = YES;
				GCC_WARN_ABOUT_RETURN_TYPE = YES_ERROR;
				GCC_WARN_UNDECLARED_SELECTOR = YES;
				GCC_WARN_UNINITIALIZED_AUTOS = YES_AGGRESSIVE;
				GCC_WARN_UNUSED_FUNCTION = YES;
				GCC_WARN_UNUSED_VARIABLE = YES;
				IPHONEOS_DEPLOYMENT_TARGET = 15.0;
				MTL_ENABLE_DEBUG_INFO = NO;
				MTL_FAST_MATH = YES;
				SDKROOT = iphoneos;
				SWIFT_COMPILATION_MODE = wholemodule;
				SWIFT_OPTIMIZATION_LEVEL = "-O";
				VALIDATE_PRODUCT = YES;
			};
			name = Release;
		};
		B74730C6274E8B4900F7EC3B /* Debug */ = {
			isa = XCBuildConfiguration;
			baseConfigurationReference = 91C77851C5293D0690223C46 /* Pods-WaffleMarket.debug.xcconfig */;
			buildSettings = {
				ASSETCATALOG_COMPILER_APPICON_NAME = AppIcon;
				ASSETCATALOG_COMPILER_GLOBAL_ACCENT_COLOR_NAME = AccentColor;
				CODE_SIGN_STYLE = Automatic;
				CURRENT_PROJECT_VERSION = 1;
				GENERATE_INFOPLIST_FILE = YES;
				INFOPLIST_FILE = WaffleMarket/Info.plist;
				INFOPLIST_KEY_UIApplicationSupportsIndirectInputEvents = YES;
				INFOPLIST_KEY_UILaunchStoryboardName = LaunchScreen;
				INFOPLIST_KEY_UISupportedInterfaceOrientations_iPad = "UIInterfaceOrientationPortrait UIInterfaceOrientationPortraitUpsideDown UIInterfaceOrientationLandscapeLeft UIInterfaceOrientationLandscapeRight";
				INFOPLIST_KEY_UISupportedInterfaceOrientations_iPhone = "UIInterfaceOrientationPortrait UIInterfaceOrientationLandscapeLeft UIInterfaceOrientationLandscapeRight";
				LD_RUNPATH_SEARCH_PATHS = (
					"$(inherited)",
					"@executable_path/Frameworks",
				);
				MARKETING_VERSION = 1.0;
				PRODUCT_BUNDLE_IDENTIFIER = com.wafflestudio.team8.WaffleMarket;
				PRODUCT_NAME = "$(TARGET_NAME)";
				SWIFT_EMIT_LOC_STRINGS = YES;
				SWIFT_VERSION = 5.0;
				TARGETED_DEVICE_FAMILY = "1,2";
			};
			name = Debug;
		};
		B74730C7274E8B4900F7EC3B /* Release */ = {
			isa = XCBuildConfiguration;
			baseConfigurationReference = 96529C4EC7DA091653C7631D /* Pods-WaffleMarket.release.xcconfig */;
			buildSettings = {
				ASSETCATALOG_COMPILER_APPICON_NAME = AppIcon;
				ASSETCATALOG_COMPILER_GLOBAL_ACCENT_COLOR_NAME = AccentColor;
				CODE_SIGN_STYLE = Automatic;
				CURRENT_PROJECT_VERSION = 1;
				GENERATE_INFOPLIST_FILE = YES;
				INFOPLIST_FILE = WaffleMarket/Info.plist;
				INFOPLIST_KEY_UIApplicationSupportsIndirectInputEvents = YES;
				INFOPLIST_KEY_UILaunchStoryboardName = LaunchScreen;
				INFOPLIST_KEY_UISupportedInterfaceOrientations_iPad = "UIInterfaceOrientationPortrait UIInterfaceOrientationPortraitUpsideDown UIInterfaceOrientationLandscapeLeft UIInterfaceOrientationLandscapeRight";
				INFOPLIST_KEY_UISupportedInterfaceOrientations_iPhone = "UIInterfaceOrientationPortrait UIInterfaceOrientationLandscapeLeft UIInterfaceOrientationLandscapeRight";
				LD_RUNPATH_SEARCH_PATHS = (
					"$(inherited)",
					"@executable_path/Frameworks",
				);
				MARKETING_VERSION = 1.0;
				PRODUCT_BUNDLE_IDENTIFIER = com.wafflestudio.team8.WaffleMarket;
				PRODUCT_NAME = "$(TARGET_NAME)";
				SWIFT_EMIT_LOC_STRINGS = YES;
				SWIFT_VERSION = 5.0;
				TARGETED_DEVICE_FAMILY = "1,2";
			};
			name = Release;
		};
/* End XCBuildConfiguration section */

/* Begin XCConfigurationList section */
		B74730A9274E8B4800F7EC3B /* Build configuration list for PBXProject "WaffleMarket" */ = {
			isa = XCConfigurationList;
			buildConfigurations = (
				B74730C3274E8B4900F7EC3B /* Debug */,
				B74730C4274E8B4900F7EC3B /* Release */,
			);
			defaultConfigurationIsVisible = 0;
			defaultConfigurationName = Release;
		};
		B74730C5274E8B4900F7EC3B /* Build configuration list for PBXNativeTarget "WaffleMarket" */ = {
			isa = XCConfigurationList;
			buildConfigurations = (
				B74730C6274E8B4900F7EC3B /* Debug */,
				B74730C7274E8B4900F7EC3B /* Release */,
			);
			defaultConfigurationIsVisible = 0;
			defaultConfigurationName = Release;
		};
/* End XCConfigurationList section */

/* Begin XCVersionGroup section */
		B74730BA274E8B4800F7EC3B /* WaffleMarket.xcdatamodeld */ = {
			isa = XCVersionGroup;
			children = (
				B74730BB274E8B4800F7EC3B /* WaffleMarket.xcdatamodel */,
			);
			currentVersion = B74730BB274E8B4800F7EC3B /* WaffleMarket.xcdatamodel */;
			path = WaffleMarket.xcdatamodeld;
			sourceTree = "<group>";
			versionGroupType = wrapper.xcdatamodel;
		};
/* End XCVersionGroup section */
	};
	rootObject = B74730A6274E8B4800F7EC3B /* Project object */;
}
