// !$*UTF8*$!
{
	archiveVersion = 1;
	classes = {
	};
	objectVersion = 51;
	objects = {

/* Begin PBXBuildFile section */
		0585797C66B2DE437455B244 /* SetLocationViewController.swift in Sources */ = {isa = PBXBuildFile; fileRef = 58012C6F7296CEB25981DEF1 /* SetLocationViewController.swift */; };
		27AC754067F66D60005BE1D8 /* LoginViewController.swift in Sources */ = {isa = PBXBuildFile; fileRef = E65EF2B3CB0A85B25C689546 /* LoginViewController.swift */; };
		2B0CC6B2FF5CE4A1B183A65F /* Pods_WaffleMarket.framework in Frameworks */ = {isa = PBXBuildFile; fileRef = 1F2B286D3B44DF2CA1A96296 /* Pods_WaffleMarket.framework */; };
		3A45C64B2B073E8CD9C148DF /* MainTabBarController.swift in Sources */ = {isa = PBXBuildFile; fileRef = D9C5C3DE19B9A45030F8ED35 /* MainTabBarController.swift */; };
		4AFDD516B860D86E176CB16B /* SignUpViewController.swift in Sources */ = {isa = PBXBuildFile; fileRef = 8FB4F1ACE05049E7194BDE8B /* SignUpViewController.swift */; };
		70671B4EA2909B7F12B4B897 /* WaffleAPI.swift in Sources */ = {isa = PBXBuildFile; fileRef = FBE14F4CECB7681A5A000922 /* WaffleAPI.swift */; };
		779021A4094BEFA4732009D9 /* LaunchScreen.storyboard in Resources */ = {isa = PBXBuildFile; fileRef = BCAC14FE50B0C879FCAFE718 /* LaunchScreen.storyboard */; };
		7F22C89D97D83B18158EC94F /* WaffleMarket.xcdatamodeld in Sources */ = {isa = PBXBuildFile; fileRef = 280A1F212D70F871C39D6D8F /* WaffleMarket.xcdatamodeld */; };
		B1A9028A5B23A3F6C742DC73 /* HomeViewController.swift in Sources */ = {isa = PBXBuildFile; fileRef = 1A531933021175C92772E579 /* HomeViewController.swift */; };
		BE470F19D5F715A63F0C9645 /* Assets.xcassets in Resources */ = {isa = PBXBuildFile; fileRef = 7B6E3A229BB0023BBE78CA63 /* Assets.xcassets */; };
		BE839680F6A8A67CF105BD47 /* SetProfileViewController.swift in Sources */ = {isa = PBXBuildFile; fileRef = D8293840FFED5AA4A7FA3D02 /* SetProfileViewController.swift */; };
		C8EB81716AC18DBAEE12D1AF /* SceneDelegate.swift in Sources */ = {isa = PBXBuildFile; fileRef = A32C6F3F9D53CDFD2494D7B2 /* SceneDelegate.swift */; };
		D7F0A35144A7F148777B39AB /* ChatRoomListViewController.swift in Sources */ = {isa = PBXBuildFile; fileRef = 3FF473DA1AEF2B8E04B38129 /* ChatRoomListViewController.swift */; };
		E8203F036BC2565A4C3971FE /* GoogleSignInAuthenticator.swift in Sources */ = {isa = PBXBuildFile; fileRef = FBA84C212B8792717579522A /* GoogleSignInAuthenticator.swift */; };
		FF50611FBB851A766B91F170 /* AppDelegate.swift in Sources */ = {isa = PBXBuildFile; fileRef = 55686EE3FA4B87FCD958A870 /* AppDelegate.swift */; };
/* End PBXBuildFile section */

/* Begin PBXFileReference section */
		1A531933021175C92772E579 /* HomeViewController.swift */ = {isa = PBXFileReference; lastKnownFileType = sourcecode.swift; path = HomeViewController.swift; sourceTree = "<group>"; };
		1C74D63C0BEFEAA5EDF08FA0 /* Base */ = {isa = PBXFileReference; lastKnownFileType = file.storyboard; name = Base; path = Base.lproj/LaunchScreen.storyboard; sourceTree = "<group>"; };
		1F2B286D3B44DF2CA1A96296 /* Pods_WaffleMarket.framework */ = {isa = PBXFileReference; explicitFileType = wrapper.framework; includeInIndex = 0; path = Pods_WaffleMarket.framework; sourceTree = BUILT_PRODUCTS_DIR; };
		1F3EE813B0AC0A5E73214EAA /* WaffleMarket.xcdatamodel */ = {isa = PBXFileReference; lastKnownFileType = wrapper.xcdatamodel; path = WaffleMarket.xcdatamodel; sourceTree = "<group>"; };
		394E0645EBB5029E51FCFBD0 /* Pods-WaffleMarket.release.xcconfig */ = {isa = PBXFileReference; includeInIndex = 1; lastKnownFileType = text.xcconfig; name = "Pods-WaffleMarket.release.xcconfig"; path = "Target Support Files/Pods-WaffleMarket/Pods-WaffleMarket.release.xcconfig"; sourceTree = "<group>"; };
		3FF473DA1AEF2B8E04B38129 /* ChatRoomListViewController.swift */ = {isa = PBXFileReference; lastKnownFileType = sourcecode.swift; path = ChatRoomListViewController.swift; sourceTree = "<group>"; };
		55686EE3FA4B87FCD958A870 /* AppDelegate.swift */ = {isa = PBXFileReference; lastKnownFileType = sourcecode.swift; path = AppDelegate.swift; sourceTree = "<group>"; };
		58012C6F7296CEB25981DEF1 /* SetLocationViewController.swift */ = {isa = PBXFileReference; lastKnownFileType = sourcecode.swift; path = SetLocationViewController.swift; sourceTree = "<group>"; };
		7B6E3A229BB0023BBE78CA63 /* Assets.xcassets */ = {isa = PBXFileReference; lastKnownFileType = folder.assetcatalog; path = Assets.xcassets; sourceTree = "<group>"; };
		8FB4F1ACE05049E7194BDE8B /* SignUpViewController.swift */ = {isa = PBXFileReference; lastKnownFileType = sourcecode.swift; path = SignUpViewController.swift; sourceTree = "<group>"; };
		903566A9B2DAA2D972FF1BED /* Pods-WaffleMarket.debug.xcconfig */ = {isa = PBXFileReference; includeInIndex = 1; lastKnownFileType = text.xcconfig; name = "Pods-WaffleMarket.debug.xcconfig"; path = "Target Support Files/Pods-WaffleMarket/Pods-WaffleMarket.debug.xcconfig"; sourceTree = "<group>"; };
		A32C6F3F9D53CDFD2494D7B2 /* SceneDelegate.swift */ = {isa = PBXFileReference; lastKnownFileType = sourcecode.swift; path = SceneDelegate.swift; sourceTree = "<group>"; };
		A588F132C78D1862FAE18182 /* WaffleMarket.app */ = {isa = PBXFileReference; includeInIndex = 0; lastKnownFileType = wrapper.application; path = WaffleMarket.app; sourceTree = BUILT_PRODUCTS_DIR; };
		D5D2D2898266DA3B3A8EB4B1 /* Info.plist */ = {isa = PBXFileReference; lastKnownFileType = text.plist; path = Info.plist; sourceTree = "<group>"; };
		D8293840FFED5AA4A7FA3D02 /* SetProfileViewController.swift */ = {isa = PBXFileReference; lastKnownFileType = sourcecode.swift; path = SetProfileViewController.swift; sourceTree = "<group>"; };
		D9C5C3DE19B9A45030F8ED35 /* MainTabBarController.swift */ = {isa = PBXFileReference; lastKnownFileType = sourcecode.swift; path = MainTabBarController.swift; sourceTree = "<group>"; };
		E65EF2B3CB0A85B25C689546 /* LoginViewController.swift */ = {isa = PBXFileReference; lastKnownFileType = sourcecode.swift; path = LoginViewController.swift; sourceTree = "<group>"; };
		FBA84C212B8792717579522A /* GoogleSignInAuthenticator.swift */ = {isa = PBXFileReference; lastKnownFileType = sourcecode.swift; path = GoogleSignInAuthenticator.swift; sourceTree = "<group>"; };
		FBE14F4CECB7681A5A000922 /* WaffleAPI.swift */ = {isa = PBXFileReference; lastKnownFileType = sourcecode.swift; path = WaffleAPI.swift; sourceTree = "<group>"; };
/* End PBXFileReference section */

/* Begin PBXFrameworksBuildPhase section */
		5B9AE0BD3161203092DFE1A1 /* Frameworks */ = {
			isa = PBXFrameworksBuildPhase;
			buildActionMask = 2147483647;
			files = (
				2B0CC6B2FF5CE4A1B183A65F /* Pods_WaffleMarket.framework in Frameworks */,
			);
			runOnlyForDeploymentPostprocessing = 0;
		};
/* End PBXFrameworksBuildPhase section */

/* Begin PBXGroup section */
		203FCFCDBEE9944C998C96F0 /* Pods */ = {
			isa = PBXGroup;
			children = (
				903566A9B2DAA2D972FF1BED /* Pods-WaffleMarket.debug.xcconfig */,
				394E0645EBB5029E51FCFBD0 /* Pods-WaffleMarket.release.xcconfig */,
			);
			name = Pods;
			path = Pods;
			sourceTree = "<group>";
		};
		49A3EFE6FF1C9ACBCA747CB8 /* Controller */ = {
			isa = PBXGroup;
			children = (
				3FF473DA1AEF2B8E04B38129 /* ChatRoomListViewController.swift */,
				1A531933021175C92772E579 /* HomeViewController.swift */,
				E65EF2B3CB0A85B25C689546 /* LoginViewController.swift */,
				D9C5C3DE19B9A45030F8ED35 /* MainTabBarController.swift */,
				58012C6F7296CEB25981DEF1 /* SetLocationViewController.swift */,
				D8293840FFED5AA4A7FA3D02 /* SetProfileViewController.swift */,
				8FB4F1ACE05049E7194BDE8B /* SignUpViewController.swift */,
			);
			path = Controller;
			sourceTree = "<group>";
		};
		52B34C458847E5DCB9E0B6E4 /* Products */ = {
			isa = PBXGroup;
			children = (
				A588F132C78D1862FAE18182 /* WaffleMarket.app */,
			);
			name = Products;
			sourceTree = "<group>";
		};
		66EABF05EDB6A7607B100D13 = {
			isa = PBXGroup;
			children = (
				C0F2729D8793C589A747063E /* WaffleMarket */,
				52B34C458847E5DCB9E0B6E4 /* Products */,
				203FCFCDBEE9944C998C96F0 /* Pods */,
				BED38BF1A7D0B8280948F21C /* Frameworks */,
			);
			sourceTree = "<group>";
		};
		94CE5A6D0AFC2DF02F543E7F /* Network */ = {
			isa = PBXGroup;
			children = (
				FBA84C212B8792717579522A /* GoogleSignInAuthenticator.swift */,
				FBE14F4CECB7681A5A000922 /* WaffleAPI.swift */,
			);
			path = Network;
			sourceTree = "<group>";
		};
		BED38BF1A7D0B8280948F21C /* Frameworks */ = {
			isa = PBXGroup;
			children = (
				1F2B286D3B44DF2CA1A96296 /* Pods_WaffleMarket.framework */,
			);
			name = Frameworks;
			sourceTree = "<group>";
		};
		C0F2729D8793C589A747063E /* WaffleMarket */ = {
			isa = PBXGroup;
			children = (
				55686EE3FA4B87FCD958A870 /* AppDelegate.swift */,
				7B6E3A229BB0023BBE78CA63 /* Assets.xcassets */,
				D5D2D2898266DA3B3A8EB4B1 /* Info.plist */,
				BCAC14FE50B0C879FCAFE718 /* LaunchScreen.storyboard */,
				A32C6F3F9D53CDFD2494D7B2 /* SceneDelegate.swift */,
				280A1F212D70F871C39D6D8F /* WaffleMarket.xcdatamodeld */,
				49A3EFE6FF1C9ACBCA747CB8 /* Controller */,
				94CE5A6D0AFC2DF02F543E7F /* Network */,
			);
			path = WaffleMarket;
			sourceTree = "<group>";
		};
/* End PBXGroup section */

/* Begin PBXNativeTarget section */
		C1D77C94502547E06FD0FAC9 /* WaffleMarket */ = {
			isa = PBXNativeTarget;
			buildConfigurationList = E1AAD4D696F154EA4A554910 /* Build configuration list for PBXNativeTarget "WaffleMarket" */;
			buildPhases = (
				BC0C5C609CE7A3C52359435A /* [CP] Check Pods Manifest.lock */,
				6819EEA5D14A0D61B6A1A706 /* Sources */,
				93CB8D1CAA76E418883AE2E7 /* Resources */,
				5B9AE0BD3161203092DFE1A1 /* Frameworks */,
				E3A52A9E4A0A403CF38C2FA2 /* [CP] Embed Pods Frameworks */,
			);
			buildRules = (
			);
			dependencies = (
			);
			name = WaffleMarket;
			productName = WaffleMarket;
			productReference = A588F132C78D1862FAE18182 /* WaffleMarket.app */;
			productType = "com.apple.product-type.application";
		};
/* End PBXNativeTarget section */

/* Begin PBXProject section */
		E53F36E88AD1AACA8464DEC9 /* Project object */ = {
			isa = PBXProject;
			attributes = {
				LastUpgradeCheck = 1200;
				TargetAttributes = {
					C1D77C94502547E06FD0FAC9 = {
						ProvisioningStyle = Automatic;
					};
				};
			};
			buildConfigurationList = 811B99B733E184581A641992 /* Build configuration list for PBXProject "WaffleMarket" */;
			compatibilityVersion = "Xcode 10.0";
			developmentRegion = en;
			hasScannedForEncodings = 0;
			knownRegions = (
				Base,
				en,
			);
			mainGroup = 66EABF05EDB6A7607B100D13;
			productRefGroup = 52B34C458847E5DCB9E0B6E4 /* Products */;
			projectDirPath = "";
			projectRoot = "";
			targets = (
				C1D77C94502547E06FD0FAC9 /* WaffleMarket */,
			);
		};
/* End PBXProject section */

/* Begin PBXResourcesBuildPhase section */
		93CB8D1CAA76E418883AE2E7 /* Resources */ = {
			isa = PBXResourcesBuildPhase;
			buildActionMask = 2147483647;
			files = (
				BE470F19D5F715A63F0C9645 /* Assets.xcassets in Resources */,
				779021A4094BEFA4732009D9 /* LaunchScreen.storyboard in Resources */,
			);
			runOnlyForDeploymentPostprocessing = 0;
		};
/* End PBXResourcesBuildPhase section */

/* Begin PBXShellScriptBuildPhase section */
		BC0C5C609CE7A3C52359435A /* [CP] Check Pods Manifest.lock */ = {
			isa = PBXShellScriptBuildPhase;
			buildActionMask = 2147483647;
			files = (
			);
			inputFileListPaths = (
			);
			inputPaths = (
				"${PODS_PODFILE_DIR_PATH}/Podfile.lock",
				"${PODS_ROOT}/Manifest.lock",
			);
			name = "[CP] Check Pods Manifest.lock";
			outputFileListPaths = (
			);
			outputPaths = (
				"$(DERIVED_FILE_DIR)/Pods-WaffleMarket-checkManifestLockResult.txt",
			);
			runOnlyForDeploymentPostprocessing = 0;
			shellPath = /bin/sh;
			shellScript = "diff \"${PODS_PODFILE_DIR_PATH}/Podfile.lock\" \"${PODS_ROOT}/Manifest.lock\" > /dev/null\nif [ $? != 0 ] ; then\n    # print error to STDERR\n    echo \"error: The sandbox is not in sync with the Podfile.lock. Run 'pod install' or update your CocoaPods installation.\" >&2\n    exit 1\nfi\n# This output is used by Xcode 'outputs' to avoid re-running this script phase.\necho \"SUCCESS\" > \"${SCRIPT_OUTPUT_FILE_0}\"\n";
			showEnvVarsInLog = 0;
		};
		E3A52A9E4A0A403CF38C2FA2 /* [CP] Embed Pods Frameworks */ = {
			isa = PBXShellScriptBuildPhase;
			buildActionMask = 2147483647;
			files = (
			);
			inputFileListPaths = (
				"${PODS_ROOT}/Target Support Files/Pods-WaffleMarket/Pods-WaffleMarket-frameworks-${CONFIGURATION}-input-files.xcfilelist",
			);
			name = "[CP] Embed Pods Frameworks";
			outputFileListPaths = (
				"${PODS_ROOT}/Target Support Files/Pods-WaffleMarket/Pods-WaffleMarket-frameworks-${CONFIGURATION}-output-files.xcfilelist",
			);
			runOnlyForDeploymentPostprocessing = 0;
			shellPath = /bin/sh;
			shellScript = "\"${PODS_ROOT}/Target Support Files/Pods-WaffleMarket/Pods-WaffleMarket-frameworks.sh\"\n";
			showEnvVarsInLog = 0;
		};
/* End PBXShellScriptBuildPhase section */

/* Begin PBXSourcesBuildPhase section */
		6819EEA5D14A0D61B6A1A706 /* Sources */ = {
			isa = PBXSourcesBuildPhase;
			buildActionMask = 2147483647;
			files = (
				FF50611FBB851A766B91F170 /* AppDelegate.swift in Sources */,
				D7F0A35144A7F148777B39AB /* ChatRoomListViewController.swift in Sources */,
				E8203F036BC2565A4C3971FE /* GoogleSignInAuthenticator.swift in Sources */,
				B1A9028A5B23A3F6C742DC73 /* HomeViewController.swift in Sources */,
				27AC754067F66D60005BE1D8 /* LoginViewController.swift in Sources */,
				3A45C64B2B073E8CD9C148DF /* MainTabBarController.swift in Sources */,
				C8EB81716AC18DBAEE12D1AF /* SceneDelegate.swift in Sources */,
				0585797C66B2DE437455B244 /* SetLocationViewController.swift in Sources */,
				BE839680F6A8A67CF105BD47 /* SetProfileViewController.swift in Sources */,
				4AFDD516B860D86E176CB16B /* SignUpViewController.swift in Sources */,
				70671B4EA2909B7F12B4B897 /* WaffleAPI.swift in Sources */,
				7F22C89D97D83B18158EC94F /* WaffleMarket.xcdatamodeld in Sources */,
			);
			runOnlyForDeploymentPostprocessing = 0;
		};
/* End PBXSourcesBuildPhase section */

/* Begin PBXVariantGroup section */
		BCAC14FE50B0C879FCAFE718 /* LaunchScreen.storyboard */ = {
			isa = PBXVariantGroup;
			children = (
				1C74D63C0BEFEAA5EDF08FA0 /* Base */,
			);
			name = LaunchScreen.storyboard;
			sourceTree = "<group>";
		};
/* End PBXVariantGroup section */

/* Begin XCBuildConfiguration section */
		6A2D55D37D88504578F365FD /* Debug */ = {
			isa = XCBuildConfiguration;
			buildSettings = {
				ALWAYS_SEARCH_USER_PATHS = NO;
				CLANG_ANALYZER_NONNULL = YES;
				CLANG_ANALYZER_NUMBER_OBJECT_CONVERSION = YES_AGGRESSIVE;
				CLANG_CXX_LANGUAGE_STANDARD = "gnu++14";
				CLANG_CXX_LIBRARY = "libc++";
				CLANG_ENABLE_MODULES = YES;
				CLANG_ENABLE_OBJC_ARC = YES;
				CLANG_ENABLE_OBJC_WEAK = YES;
				CLANG_WARN_BLOCK_CAPTURE_AUTORELEASING = YES;
				CLANG_WARN_BOOL_CONVERSION = YES;
				CLANG_WARN_COMMA = YES;
				CLANG_WARN_CONSTANT_CONVERSION = YES;
				CLANG_WARN_DEPRECATED_OBJC_IMPLEMENTATIONS = YES;
				CLANG_WARN_DIRECT_OBJC_ISA_USAGE = YES_ERROR;
				CLANG_WARN_DOCUMENTATION_COMMENTS = YES;
				CLANG_WARN_EMPTY_BODY = YES;
				CLANG_WARN_ENUM_CONVERSION = YES;
				CLANG_WARN_INFINITE_RECURSION = YES;
				CLANG_WARN_INT_CONVERSION = YES;
				CLANG_WARN_NON_LITERAL_NULL_CONVERSION = YES;
				CLANG_WARN_OBJC_IMPLICIT_RETAIN_SELF = YES;
				CLANG_WARN_OBJC_LITERAL_CONVERSION = YES;
				CLANG_WARN_OBJC_ROOT_CLASS = YES_ERROR;
				CLANG_WARN_QUOTED_INCLUDE_IN_FRAMEWORK_HEADER = YES;
				CLANG_WARN_RANGE_LOOP_ANALYSIS = YES;
				CLANG_WARN_STRICT_PROTOTYPES = YES;
				CLANG_WARN_SUSPICIOUS_MOVE = YES;
				CLANG_WARN_UNGUARDED_AVAILABILITY = YES_AGGRESSIVE;
				CLANG_WARN_UNREACHABLE_CODE = YES;
				CLANG_WARN__DUPLICATE_METHOD_MATCH = YES;
				COPY_PHASE_STRIP = NO;
				DEBUG_INFORMATION_FORMAT = dwarf;
				ENABLE_STRICT_OBJC_MSGSEND = YES;
				ENABLE_TESTABILITY = YES;
				GCC_C_LANGUAGE_STANDARD = gnu11;
				GCC_DYNAMIC_NO_PIC = NO;
				GCC_NO_COMMON_BLOCKS = YES;
				GCC_OPTIMIZATION_LEVEL = 0;
				GCC_PREPROCESSOR_DEFINITIONS = (
					"$(inherited)",
					"DEBUG=1",
				);
				GCC_WARN_64_TO_32_BIT_CONVERSION = YES;
				GCC_WARN_ABOUT_RETURN_TYPE = YES_ERROR;
				GCC_WARN_UNDECLARED_SELECTOR = YES;
				GCC_WARN_UNINITIALIZED_AUTOS = YES_AGGRESSIVE;
				GCC_WARN_UNUSED_FUNCTION = YES;
				GCC_WARN_UNUSED_VARIABLE = YES;
				IPHONEOS_DEPLOYMENT_TARGET = 15.0;
				MTL_ENABLE_DEBUG_INFO = INCLUDE_SOURCE;
				MTL_FAST_MATH = YES;
				ONLY_ACTIVE_ARCH = YES;
				PRODUCT_NAME = "$(TARGET_NAME)";
				SDKROOT = iphoneos;
				SWIFT_ACTIVE_COMPILATION_CONDITIONS = DEBUG;
				SWIFT_OPTIMIZATION_LEVEL = "-Onone";
				SWIFT_VERSION = 5.0;
			};
			name = Debug;
		};
		7498D1DB1BFAFD47E30F335A /* Release */ = {
			isa = XCBuildConfiguration;
			baseConfigurationReference = 394E0645EBB5029E51FCFBD0 /* Pods-WaffleMarket.release.xcconfig */;
			buildSettings = {
				ASSETCATALOG_COMPILER_APPICON_NAME = AppIcon;
				CODE_SIGN_IDENTITY = "iPhone Developer";
				CODE_SIGN_STYLE = Automatic;
				INFOPLIST_FILE = WaffleMarket/Info.plist;
				LD_RUNPATH_SEARCH_PATHS = (
					"$(inherited)",
					"@executable_path/Frameworks",
				);
				PRODUCT_BUNDLE_IDENTIFIER = com.wafflestudio.team8.WaffleMarket;
				SDKROOT = iphoneos;
				TARGETED_DEVICE_FAMILY = "1,2";
			};
			name = Release;
		};
		8990B80F86C863E21983A6B9 /* Release */ = {
			isa = XCBuildConfiguration;
			buildSettings = {
				ALWAYS_SEARCH_USER_PATHS = NO;
				CLANG_ANALYZER_NONNULL = YES;
				CLANG_ANALYZER_NUMBER_OBJECT_CONVERSION = YES_AGGRESSIVE;
				CLANG_CXX_LANGUAGE_STANDARD = "gnu++14";
				CLANG_CXX_LIBRARY = "libc++";
				CLANG_ENABLE_MODULES = YES;
				CLANG_ENABLE_OBJC_ARC = YES;
				CLANG_ENABLE_OBJC_WEAK = YES;
				CLANG_WARN_BLOCK_CAPTURE_AUTORELEASING = YES;
				CLANG_WARN_BOOL_CONVERSION = YES;
				CLANG_WARN_COMMA = YES;
				CLANG_WARN_CONSTANT_CONVERSION = YES;
				CLANG_WARN_DEPRECATED_OBJC_IMPLEMENTATIONS = YES;
				CLANG_WARN_DIRECT_OBJC_ISA_USAGE = YES_ERROR;
				CLANG_WARN_DOCUMENTATION_COMMENTS = YES;
				CLANG_WARN_EMPTY_BODY = YES;
				CLANG_WARN_ENUM_CONVERSION = YES;
				CLANG_WARN_INFINITE_RECURSION = YES;
				CLANG_WARN_INT_CONVERSION = YES;
				CLANG_WARN_NON_LITERAL_NULL_CONVERSION = YES;
				CLANG_WARN_OBJC_IMPLICIT_RETAIN_SELF = YES;
				CLANG_WARN_OBJC_LITERAL_CONVERSION = YES;
				CLANG_WARN_OBJC_ROOT_CLASS = YES_ERROR;
				CLANG_WARN_QUOTED_INCLUDE_IN_FRAMEWORK_HEADER = YES;
				CLANG_WARN_RANGE_LOOP_ANALYSIS = YES;
				CLANG_WARN_STRICT_PROTOTYPES = YES;
				CLANG_WARN_SUSPICIOUS_MOVE = YES;
				CLANG_WARN_UNGUARDED_AVAILABILITY = YES_AGGRESSIVE;
				CLANG_WARN_UNREACHABLE_CODE = YES;
				CLANG_WARN__DUPLICATE_METHOD_MATCH = YES;
				COPY_PHASE_STRIP = NO;
				DEBUG_INFORMATION_FORMAT = "dwarf-with-dsym";
				ENABLE_NS_ASSERTIONS = NO;
				ENABLE_STRICT_OBJC_MSGSEND = YES;
				GCC_C_LANGUAGE_STANDARD = gnu11;
				GCC_NO_COMMON_BLOCKS = YES;
				GCC_WARN_64_TO_32_BIT_CONVERSION = YES;
				GCC_WARN_ABOUT_RETURN_TYPE = YES_ERROR;
				GCC_WARN_UNDECLARED_SELECTOR = YES;
				GCC_WARN_UNINITIALIZED_AUTOS = YES_AGGRESSIVE;
				GCC_WARN_UNUSED_FUNCTION = YES;
				GCC_WARN_UNUSED_VARIABLE = YES;
				IPHONEOS_DEPLOYMENT_TARGET = 15.0;
				MTL_ENABLE_DEBUG_INFO = NO;
				MTL_FAST_MATH = YES;
				PRODUCT_NAME = "$(TARGET_NAME)";
				SDKROOT = iphoneos;
				SWIFT_COMPILATION_MODE = wholemodule;
				SWIFT_OPTIMIZATION_LEVEL = "-O";
				SWIFT_VERSION = 5.0;
			};
			name = Release;
		};
		94D32D55C59DFCD0DD101E5B /* Debug */ = {
			isa = XCBuildConfiguration;
			baseConfigurationReference = 903566A9B2DAA2D972FF1BED /* Pods-WaffleMarket.debug.xcconfig */;
			buildSettings = {
				ASSETCATALOG_COMPILER_APPICON_NAME = AppIcon;
				CODE_SIGN_IDENTITY = "iPhone Developer";
				CODE_SIGN_STYLE = Automatic;
				INFOPLIST_FILE = WaffleMarket/Info.plist;
				LD_RUNPATH_SEARCH_PATHS = (
					"$(inherited)",
					"@executable_path/Frameworks",
				);
				PRODUCT_BUNDLE_IDENTIFIER = com.wafflestudio.team8.WaffleMarket;
				SDKROOT = iphoneos;
				TARGETED_DEVICE_FAMILY = "1,2";
			};
			name = Debug;
		};
/* End XCBuildConfiguration section */

/* Begin XCConfigurationList section */
		811B99B733E184581A641992 /* Build configuration list for PBXProject "WaffleMarket" */ = {
			isa = XCConfigurationList;
			buildConfigurations = (
				6A2D55D37D88504578F365FD /* Debug */,
				8990B80F86C863E21983A6B9 /* Release */,
			);
			defaultConfigurationIsVisible = 0;
			defaultConfigurationName = Debug;
		};
		E1AAD4D696F154EA4A554910 /* Build configuration list for PBXNativeTarget "WaffleMarket" */ = {
			isa = XCConfigurationList;
			buildConfigurations = (
				94D32D55C59DFCD0DD101E5B /* Debug */,
				7498D1DB1BFAFD47E30F335A /* Release */,
			);
			defaultConfigurationIsVisible = 0;
			defaultConfigurationName = Debug;
		};
/* End XCConfigurationList section */

/* Begin XCVersionGroup section */
		280A1F212D70F871C39D6D8F /* WaffleMarket.xcdatamodeld */ = {
			isa = XCVersionGroup;
			children = (
				1F3EE813B0AC0A5E73214EAA /* WaffleMarket.xcdatamodel */,
			);
			currentVersion = 1F3EE813B0AC0A5E73214EAA /* WaffleMarket.xcdatamodel */;
			path = WaffleMarket.xcdatamodeld;
			sourceTree = "<group>";
			versionGroupType = wrapper.xcdatamodel;
		};
/* End XCVersionGroup section */
	};
	rootObject = E53F36E88AD1AACA8464DEC9 /* Project object */;
}
